
Microsoft Visual Studio Solution File, Format Version 11.00
# Visual Studio 2010
Project("{FAE04EC0-301F-11D3-BF4B-00C04F79EFBC}") = "Box Shootter", "Assembly-CSharp-firstpass.csproj", "{B1F4CC31-7E82-1C27-03CB-58A112DE7DBE}"
EndProject
Project("{FAE04EC0-301F-11D3-BF4B-00C04F79EFBC}") = "Box Shootter", "Assembly-CSharp.csproj", "{57E87027-F507-578B-455F-34907FC5A8D6}"
EndProject
Global
	GlobalSection(SolutionConfigurationPlatforms) = preSolution
		Debug|Any CPU = Debug|Any CPU
		Release|Any CPU = Release|Any CPU
	EndGlobalSection
	GlobalSection(ProjectConfigurationPlatforms) = postSolution
		{B1F4CC31-7E82-1C27-03CB-58A112DE7DBE}.Debug|Any CPU.ActiveCfg = Debug|Any CPU
		{B1F4CC31-7E82-1C27-03CB-58A112DE7DBE}.Debug|Any CPU.Build.0 = Debug|Any CPU
		{B1F4CC31-7E82-1C27-03CB-58A112DE7DBE}.Release|Any CPU.ActiveCfg = Release|Any CPU
		{B1F4CC31-7E82-1C27-03CB-58A112DE7DBE}.Release|Any CPU.Build.0 = Release|Any CPU
		{57E87027-F507-578B-455F-34907FC5A8D6}.Debug|Any CPU.ActiveCfg = Debug|Any CPU
		{57E87027-F507-578B-455F-34907FC5A8D6}.Debug|Any CPU.Build.0 = Debug|Any CPU
		{57E87027-F507-578B-455F-34907FC5A8D6}.Release|Any CPU.ActiveCfg = Release|Any CPU
		{57E87027-F507-578B-455F-34907FC5A8D6}.Release|Any CPU.Build.0 = Release|Any CPU
	EndGlobalSection
	GlobalSection(SolutionProperties) = preSolution
		HideSolutionNode = FALSE
	EndGlobalSection
	GlobalSection(MonoDevelopProperties) = preSolution
		StartupItem = Assembly-CSharp.csproj
	EndGlobalSection
EndGlobal
